// !$*UTF8*$!
{
	archiveVersion = 1;
	classes = {
	};
	objectVersion = 56;
	objects = {

/* Begin PBXBuildFile section */
		8D2BC3D62E3C3B4D000D8329 /* Promo_IOSApp.swift in Sources */ = {isa = PBXBuildFile; fileRef = 8D2BC3D52E3C3B4D000D8329 /* Promo_IOSApp.swift */; };
		8D2BC3D82E3C3B4D000D8329 /* Login.swift in Sources */ = {isa = PBXBuildFile; fileRef = 8D2BC3D72E3C3B4D000D8329 /* Login.swift */; };
		8D2BC3DA2E3C3B50000D8329 /* Assets.xcassets in Resources */ = {isa = PBXBuildFile; fileRef = 8D2BC3D92E3C3B50000D8329 /* Assets.xcassets */; };
		8D2BC3DD2E3C3B50000D8329 /* Preview Assets.xcassets in Resources */ = {isa = PBXBuildFile; fileRef = 8D2BC3DC2E3C3B50000D8329 /* Preview Assets.xcassets */; };
		8DA415D32E3D8FB400EE4E4F /* Color.swift in Sources */ = {isa = PBXBuildFile; fileRef = 8DA415D22E3D8FB400EE4E4F /* Color.swift */; };
		8DA415D52E3EF72F00EE4E4F /* LoginViewModel.swift in Sources */ = {isa = PBXBuildFile; fileRef = 8DA415D42E3EF72F00EE4E4F /* LoginViewModel.swift */; };
		8DA415D72E3EF92B00EE4E4F /* String+PhoneFormatter.swift in Sources */ = {isa = PBXBuildFile; fileRef = 8DA415D62E3EF92B00EE4E4F /* String+PhoneFormatter.swift */; };
		8DA415D92E3EF9C600EE4E4F /* LoginRequest.swift in Sources */ = {isa = PBXBuildFile; fileRef = 8DA415D82E3EF9C600EE4E4F /* LoginRequest.swift */; };
		8DA415DB2E3EFA2F00EE4E4F /* LoginResponse.swift in Sources */ = {isa = PBXBuildFile; fileRef = 8DA415DA2E3EFA2F00EE4E4F /* LoginResponse.swift */; };
		8DA415DD2E3EFA7000EE4E4F /* AuthService.swift in Sources */ = {isa = PBXBuildFile; fileRef = 8DA415DC2E3EFA7000EE4E4F /* AuthService.swift */; };
		8DA415DF2E3EFBF600EE4E4F /* LayoutUserView.swift in Sources */ = {isa = PBXBuildFile; fileRef = 8DA415DE2E3EFBF600EE4E4F /* LayoutUserView.swift */; };
		8DA415E62E4BEECF00EE4E4F /* LayoutUserViewModel.swift in Sources */ = {isa = PBXBuildFile; fileRef = 8DA415E52E4BEECF00EE4E4F /* LayoutUserViewModel.swift */; };
		8DA415E82E4BEF3800EE4E4F /* Product.swift in Sources */ = {isa = PBXBuildFile; fileRef = 8DA415E72E4BEF3800EE4E4F /* Product.swift */; };
		8DA415EA2E4BEF5B00EE4E4F /* User.swift in Sources */ = {isa = PBXBuildFile; fileRef = 8DA415E92E4BEF5B00EE4E4F /* User.swift */; };
		8DA415ED2E4BEFDC00EE4E4F /* ImagePicker.swift in Sources */ = {isa = PBXBuildFile; fileRef = 8DA415EC2E4BEFDC00EE4E4F /* ImagePicker.swift */; };
/* End PBXBuildFile section */

/* Begin PBXFileReference section */
		8D2BC3D22E3C3B4D000D8329 /* Promo-IOS.app */ = {isa = PBXFileReference; explicitFileType = wrapper.application; includeInIndex = 0; path = "Promo-IOS.app"; sourceTree = BUILT_PRODUCTS_DIR; };
		8D2BC3D52E3C3B4D000D8329 /* Promo_IOSApp.swift */ = {isa = PBXFileReference; lastKnownFileType = sourcecode.swift; path = Promo_IOSApp.swift; sourceTree = "<group>"; };
		8D2BC3D72E3C3B4D000D8329 /* Login.swift */ = {isa = PBXFileReference; lastKnownFileType = sourcecode.swift; path = Login.swift; sourceTree = "<group>"; };
		8D2BC3D92E3C3B50000D8329 /* Assets.xcassets */ = {isa = PBXFileReference; lastKnownFileType = folder.assetcatalog; path = Assets.xcassets; sourceTree = "<group>"; };
		8D2BC3DC2E3C3B50000D8329 /* Preview Assets.xcassets */ = {isa = PBXFileReference; lastKnownFileType = folder.assetcatalog; path = "Preview Assets.xcassets"; sourceTree = "<group>"; };
		8DA415D22E3D8FB400EE4E4F /* Color.swift */ = {isa = PBXFileReference; lastKnownFileType = sourcecode.swift; path = Color.swift; sourceTree = "<group>"; };
		8DA415D42E3EF72F00EE4E4F /* LoginViewModel.swift */ = {isa = PBXFileReference; lastKnownFileType = sourcecode.swift; path = LoginViewModel.swift; sourceTree = "<group>"; };
		8DA415D62E3EF92B00EE4E4F /* String+PhoneFormatter.swift */ = {isa = PBXFileReference; lastKnownFileType = sourcecode.swift; path = "String+PhoneFormatter.swift"; sourceTree = "<group>"; };
		8DA415D82E3EF9C600EE4E4F /* LoginRequest.swift */ = {isa = PBXFileReference; lastKnownFileType = sourcecode.swift; path = LoginRequest.swift; sourceTree = "<group>"; };
		8DA415DA2E3EFA2F00EE4E4F /* LoginResponse.swift */ = {isa = PBXFileReference; lastKnownFileType = sourcecode.swift; path = LoginResponse.swift; sourceTree = "<group>"; };
		8DA415DC2E3EFA7000EE4E4F /* AuthService.swift */ = {isa = PBXFileReference; lastKnownFileType = sourcecode.swift; path = AuthService.swift; sourceTree = "<group>"; };
		8DA415DE2E3EFBF600EE4E4F /* LayoutUserView.swift */ = {isa = PBXFileReference; lastKnownFileType = sourcecode.swift; path = LayoutUserView.swift; sourceTree = "<group>"; };
		8DA415E42E3F0ACC00EE4E4F /* Info.plist */ = {isa = PBXFileReference; lastKnownFileType = text.plist; path = Info.plist; sourceTree = "<group>"; };
		8DA415E52E4BEECF00EE4E4F /* LayoutUserViewModel.swift */ = {isa = PBXFileReference; lastKnownFileType = sourcecode.swift; path = LayoutUserViewModel.swift; sourceTree = "<group>"; };
		8DA415E72E4BEF3800EE4E4F /* Product.swift */ = {isa = PBXFileReference; lastKnownFileType = sourcecode.swift; path = Product.swift; sourceTree = "<group>"; };
		8DA415E92E4BEF5B00EE4E4F /* User.swift */ = {isa = PBXFileReference; lastKnownFileType = sourcecode.swift; path = User.swift; sourceTree = "<group>"; };
		8DA415EC2E4BEFDC00EE4E4F /* ImagePicker.swift */ = {isa = PBXFileReference; lastKnownFileType = sourcecode.swift; path = ImagePicker.swift; sourceTree = "<group>"; };
/* End PBXFileReference section */

/* Begin PBXFrameworksBuildPhase section */
		8D2BC3CF2E3C3B4D000D8329 /* Frameworks */ = {
			isa = PBXFrameworksBuildPhase;
			buildActionMask = 2147483647;
			files = (
			);
			runOnlyForDeploymentPostprocessing = 0;
		};
/* End PBXFrameworksBuildPhase section */

/* Begin PBXGroup section */
		8D2BC3C92E3C3B4D000D8329 = {
			isa = PBXGroup;
			children = (
				8D2BC3D42E3C3B4D000D8329 /* Promo-IOS */,
				8D2BC3D32E3C3B4D000D8329 /* Products */,
			);
			sourceTree = "<group>";
		};
		8D2BC3D32E3C3B4D000D8329 /* Products */ = {
			isa = PBXGroup;
			children = (
				8D2BC3D22E3C3B4D000D8329 /* Promo-IOS.app */,
			);
			name = Products;
			sourceTree = "<group>";
		};
		8D2BC3D42E3C3B4D000D8329 /* Promo-IOS */ = {
			isa = PBXGroup;
			children = (
				8DA415E42E3F0ACC00EE4E4F /* Info.plist */,
				8DA415CC2E3D8A9700EE4E4F /* Models */,
				8DA415CD2E3D8AA400EE4E4F /* View */,
				8DA415CE2E3D8AAD00EE4E4F /* ViewModels */,
				8DA415CF2E3D8ABF00EE4E4F /* Resources */,
				8DA415D02E3D8AE200EE4E4F /* Extension */,
				8DA415D12E3D8AEB00EE4E4F /* Services */,
				8DA415EB2E4BEF9B00EE4E4F /* Image Picker Helper */,
				8D2BC3D52E3C3B4D000D8329 /* Promo_IOSApp.swift */,
				8D2BC3D92E3C3B50000D8329 /* Assets.xcassets */,
				8D2BC3DB2E3C3B50000D8329 /* Preview Content */,
			);
			path = "Promo-IOS";
			sourceTree = "<group>";
		};
		8D2BC3DB2E3C3B50000D8329 /* Preview Content */ = {
			isa = PBXGroup;
			children = (
				8D2BC3DC2E3C3B50000D8329 /* Preview Assets.xcassets */,
			);
			path = "Preview Content";
			sourceTree = "<group>";
		};
		8DA415CC2E3D8A9700EE4E4F /* Models */ = {
			isa = PBXGroup;
			children = (
				8DA415D82E3EF9C600EE4E4F /* LoginRequest.swift */,
				8DA415DA2E3EFA2F00EE4E4F /* LoginResponse.swift */,
				8DA415E72E4BEF3800EE4E4F /* Product.swift */,
				8DA415E92E4BEF5B00EE4E4F /* User.swift */,
			);
			path = Models;
			sourceTree = "<group>";
		};
		8DA415CD2E3D8AA400EE4E4F /* View */ = {
			isa = PBXGroup;
			children = (
				8D2BC3D72E3C3B4D000D8329 /* Login.swift */,
				8DA415DE2E3EFBF600EE4E4F /* LayoutUserView.swift */,
			);
			path = View;
			sourceTree = "<group>";
		};
		8DA415CE2E3D8AAD00EE4E4F /* ViewModels */ = {
			isa = PBXGroup;
			children = (
				8DA415D42E3EF72F00EE4E4F /* LoginViewModel.swift */,
				8DA415E52E4BEECF00EE4E4F /* LayoutUserViewModel.swift */,
			);
			path = ViewModels;
			sourceTree = "<group>";
		};
		8DA415CF2E3D8ABF00EE4E4F /* Resources */ = {
			isa = PBXGroup;
			children = (
			);
			path = Resources;
			sourceTree = "<group>";
		};
		8DA415D02E3D8AE200EE4E4F /* Extension */ = {
			isa = PBXGroup;
			children = (
				8DA415D22E3D8FB400EE4E4F /* Color.swift */,
				8DA415D62E3EF92B00EE4E4F /* String+PhoneFormatter.swift */,
			);
			path = Extension;
			sourceTree = "<group>";
		};
		8DA415D12E3D8AEB00EE4E4F /* Services */ = {
			isa = PBXGroup;
			children = (
				8DA415DC2E3EFA7000EE4E4F /* AuthService.swift */,
			);
			path = Services;
			sourceTree = "<group>";
		};
		8DA415EB2E4BEF9B00EE4E4F /* Image Picker Helper */ = {
			isa = PBXGroup;
			children = (
				8DA415EC2E4BEFDC00EE4E4F /* ImagePicker.swift */,
			);
			path = "Image Picker Helper";
			sourceTree = "<group>";
		};
/* End PBXGroup section */

/* Begin PBXNativeTarget section */
		8D2BC3D12E3C3B4D000D8329 /* Promo-IOS */ = {
			isa = PBXNativeTarget;
			buildConfigurationList = 8D2BC3E02E3C3B50000D8329 /* Build configuration list for PBXNativeTarget "Promo-IOS" */;
			buildPhases = (
				8D2BC3CE2E3C3B4D000D8329 /* Sources */,
				8D2BC3CF2E3C3B4D000D8329 /* Frameworks */,
				8D2BC3D02E3C3B4D000D8329 /* Resources */,
			);
			buildRules = (
			);
			dependencies = (
			);
			name = "Promo-IOS";
			productName = "Promo-IOS";
			productReference = 8D2BC3D22E3C3B4D000D8329 /* Promo-IOS.app */;
			productType = "com.apple.product-type.application";
		};
/* End PBXNativeTarget section */

/* Begin PBXProject section */
		8D2BC3CA2E3C3B4D000D8329 /* Project object */ = {
			isa = PBXProject;
			attributes = {
				BuildIndependentTargetsInParallel = 1;
				LastSwiftUpdateCheck = 1520;
				LastUpgradeCheck = 1520;
				TargetAttributes = {
					8D2BC3D12E3C3B4D000D8329 = {
						CreatedOnToolsVersion = 15.2;
					};
				};
			};
			buildConfigurationList = 8D2BC3CD2E3C3B4D000D8329 /* Build configuration list for PBXProject "Promo-IOS" */;
			compatibilityVersion = "Xcode 14.0";
			developmentRegion = en;
			hasScannedForEncodings = 0;
			knownRegions = (
				en,
				Base,
			);
			mainGroup = 8D2BC3C92E3C3B4D000D8329;
			productRefGroup = 8D2BC3D32E3C3B4D000D8329 /* Products */;
			projectDirPath = "";
			projectRoot = "";
			targets = (
				8D2BC3D12E3C3B4D000D8329 /* Promo-IOS */,
			);
		};
/* End PBXProject section */

/* Begin PBXResourcesBuildPhase section */
		8D2BC3D02E3C3B4D000D8329 /* Resources */ = {
			isa = PBXResourcesBuildPhase;
			buildActionMask = 2147483647;
			files = (
				8D2BC3DD2E3C3B50000D8329 /* Preview Assets.xcassets in Resources */,
				8D2BC3DA2E3C3B50000D8329 /* Assets.xcassets in Resources */,
			);
			runOnlyForDeploymentPostprocessing = 0;
		};
/* End PBXResourcesBuildPhase section */

/* Begin PBXSourcesBuildPhase section */
		8D2BC3CE2E3C3B4D000D8329 /* Sources */ = {
			isa = PBXSourcesBuildPhase;
			buildActionMask = 2147483647;
			files = (
				8DA415EA2E4BEF5B00EE4E4F /* User.swift in Sources */,
				8DA415D52E3EF72F00EE4E4F /* LoginViewModel.swift in Sources */,
				8D2BC3D82E3C3B4D000D8329 /* Login.swift in Sources */,
				8DA415ED2E4BEFDC00EE4E4F /* ImagePicker.swift in Sources */,
				8D2BC3D62E3C3B4D000D8329 /* Promo_IOSApp.swift in Sources */,
				8DA415DF2E3EFBF600EE4E4F /* LayoutUserView.swift in Sources */,
				8DA415E82E4BEF3800EE4E4F /* Product.swift in Sources */,
				8DA415E62E4BEECF00EE4E4F /* LayoutUserViewModel.swift in Sources */,
				8DA415D92E3EF9C600EE4E4F /* LoginRequest.swift in Sources */,
				8DA415D32E3D8FB400EE4E4F /* Color.swift in Sources */,
				8DA415D72E3EF92B00EE4E4F /* String+PhoneFormatter.swift in Sources */,
				8DA415DB2E3EFA2F00EE4E4F /* LoginResponse.swift in Sources */,
				8DA415DD2E3EFA7000EE4E4F /* AuthService.swift in Sources */,
			);
			runOnlyForDeploymentPostprocessing = 0;
		};
/* End PBXSourcesBuildPhase section */

/* Begin XCBuildConfiguration section */
		8D2BC3DE2E3C3B50000D8329 /* Debug */ = {
			isa = XCBuildConfiguration;
			buildSettings = {
				ALWAYS_SEARCH_USER_PATHS = NO;
				ASSETCATALOG_COMPILER_GENERATE_SWIFT_ASSET_SYMBOL_EXTENSIONS = YES;
				CLANG_ANALYZER_NONNULL = YES;
				CLANG_ANALYZER_NUMBER_OBJECT_CONVERSION = YES_AGGRESSIVE;
				CLANG_CXX_LANGUAGE_STANDARD = "gnu++20";
				CLANG_ENABLE_MODULES = YES;
				CLANG_ENABLE_OBJC_ARC = YES;
				CLANG_ENABLE_OBJC_WEAK = YES;
				CLANG_WARN_BLOCK_CAPTURE_AUTORELEASING = YES;
				CLANG_WARN_BOOL_CONVERSION = YES;
				CLANG_WARN_COMMA = YES;
				CLANG_WARN_CONSTANT_CONVERSION = YES;
				CLANG_WARN_DEPRECATED_OBJC_IMPLEMENTATIONS = YES;
				CLANG_WARN_DIRECT_OBJC_ISA_USAGE = YES_ERROR;
				CLANG_WARN_DOCUMENTATION_COMMENTS = YES;
				CLANG_WARN_EMPTY_BODY = YES;
				CLANG_WARN_ENUM_CONVERSION = YES;
				CLANG_WARN_INFINITE_RECURSION = YES;
				CLANG_WARN_INT_CONVERSION = YES;
				CLANG_WARN_NON_LITERAL_NULL_CONVERSION = YES;
				CLANG_WARN_OBJC_IMPLICIT_RETAIN_SELF = YES;
				CLANG_WARN_OBJC_LITERAL_CONVERSION = YES;
				CLANG_WARN_OBJC_ROOT_CLASS = YES_ERROR;
				CLANG_WARN_QUOTED_INCLUDE_IN_FRAMEWORK_HEADER = YES;
				CLANG_WARN_RANGE_LOOP_ANALYSIS = YES;
				CLANG_WARN_STRICT_PROTOTYPES = YES;
				CLANG_WARN_SUSPICIOUS_MOVE = YES;
				CLANG_WARN_UNGUARDED_AVAILABILITY = YES_AGGRESSIVE;
				CLANG_WARN_UNREACHABLE_CODE = YES;
				CLANG_WARN__DUPLICATE_METHOD_MATCH = YES;
				COPY_PHASE_STRIP = NO;
				DEBUG_INFORMATION_FORMAT = dwarf;
				ENABLE_STRICT_OBJC_MSGSEND = YES;
				ENABLE_TESTABILITY = YES;
				ENABLE_USER_SCRIPT_SANDBOXING = YES;
				GCC_C_LANGUAGE_STANDARD = gnu17;
				GCC_DYNAMIC_NO_PIC = NO;
				GCC_NO_COMMON_BLOCKS = YES;
				GCC_OPTIMIZATION_LEVEL = 0;
				GCC_PREPROCESSOR_DEFINITIONS = (
					"DEBUG=1",
					"$(inherited)",
				);
				GCC_WARN_64_TO_32_BIT_CONVERSION = YES;
				GCC_WARN_ABOUT_RETURN_TYPE = YES_ERROR;
				GCC_WARN_UNDECLARED_SELECTOR = YES;
				GCC_WARN_UNINITIALIZED_AUTOS = YES_AGGRESSIVE;
				GCC_WARN_UNUSED_FUNCTION = YES;
				GCC_WARN_UNUSED_VARIABLE = YES;
				IPHONEOS_DEPLOYMENT_TARGET = 17.2;
				LOCALIZATION_PREFERS_STRING_CATALOGS = YES;
				MTL_ENABLE_DEBUG_INFO = INCLUDE_SOURCE;
				MTL_FAST_MATH = YES;
				ONLY_ACTIVE_ARCH = YES;
				SDKROOT = iphoneos;
				SWIFT_ACTIVE_COMPILATION_CONDITIONS = "DEBUG $(inherited)";
				SWIFT_OPTIMIZATION_LEVEL = "-Onone";
			};
			name = Debug;
		};
		8D2BC3DF2E3C3B50000D8329 /* Release */ = {
			isa = XCBuildConfiguration;
			buildSettings = {
				ALWAYS_SEARCH_USER_PATHS = NO;
				ASSETCATALOG_COMPILER_GENERATE_SWIFT_ASSET_SYMBOL_EXTENSIONS = YES;
				CLANG_ANALYZER_NONNULL = YES;
				CLANG_ANALYZER_NUMBER_OBJECT_CONVERSION = YES_AGGRESSIVE;
				CLANG_CXX_LANGUAGE_STANDARD = "gnu++20";
				CLANG_ENABLE_MODULES = YES;
				CLANG_ENABLE_OBJC_ARC = YES;
				CLANG_ENABLE_OBJC_WEAK = YES;
				CLANG_WARN_BLOCK_CAPTURE_AUTORELEASING = YES;
				CLANG_WARN_BOOL_CONVERSION = YES;
				CLANG_WARN_COMMA = YES;
				CLANG_WARN_CONSTANT_CONVERSION = YES;
				CLANG_WARN_DEPRECATED_OBJC_IMPLEMENTATIONS = YES;
				CLANG_WARN_DIRECT_OBJC_ISA_USAGE = YES_ERROR;
				CLANG_WARN_DOCUMENTATION_COMMENTS = YES;
				CLANG_WARN_EMPTY_BODY = YES;
				CLANG_WARN_ENUM_CONVERSION = YES;
				CLANG_WARN_INFINITE_RECURSION = YES;
				CLANG_WARN_INT_CONVERSION = YES;
				CLANG_WARN_NON_LITERAL_NULL_CONVERSION = YES;
				CLANG_WARN_OBJC_IMPLICIT_RETAIN_SELF = YES;
				CLANG_WARN_OBJC_LITERAL_CONVERSION = YES;
				CLANG_WARN_OBJC_ROOT_CLASS = YES_ERROR;
				CLANG_WARN_QUOTED_INCLUDE_IN_FRAMEWORK_HEADER = YES;
				CLANG_WARN_RANGE_LOOP_ANALYSIS = YES;
				CLANG_WARN_STRICT_PROTOTYPES = YES;
				CLANG_WARN_SUSPICIOUS_MOVE = YES;
				CLANG_WARN_UNGUARDED_AVAILABILITY = YES_AGGRESSIVE;
				CLANG_WARN_UNREACHABLE_CODE = YES;
				CLANG_WARN__DUPLICATE_METHOD_MATCH = YES;
				COPY_PHASE_STRIP = NO;
				DEBUG_INFORMATION_FORMAT = "dwarf-with-dsym";
				ENABLE_NS_ASSERTIONS = NO;
				ENABLE_STRICT_OBJC_MSGSEND = YES;
				ENABLE_USER_SCRIPT_SANDBOXING = YES;
				GCC_C_LANGUAGE_STANDARD = gnu17;
				GCC_NO_COMMON_BLOCKS = YES;
				GCC_WARN_64_TO_32_BIT_CONVERSION = YES;
				GCC_WARN_ABOUT_RETURN_TYPE = YES_ERROR;
				GCC_WARN_UNDECLARED_SELECTOR = YES;
				GCC_WARN_UNINITIALIZED_AUTOS = YES_AGGRESSIVE;
				GCC_WARN_UNUSED_FUNCTION = YES;
				GCC_WARN_UNUSED_VARIABLE = YES;
				IPHONEOS_DEPLOYMENT_TARGET = 17.2;
				LOCALIZATION_PREFERS_STRING_CATALOGS = YES;
				MTL_ENABLE_DEBUG_INFO = NO;
				MTL_FAST_MATH = YES;
				SDKROOT = iphoneos;
				SWIFT_COMPILATION_MODE = wholemodule;
				VALIDATE_PRODUCT = YES;
			};
			name = Release;
		};
		8D2BC3E12E3C3B50000D8329 /* Debug */ = {
			isa = XCBuildConfiguration;
			buildSettings = {
				ASSETCATALOG_COMPILER_APPICON_NAME = AppIcon;
				ASSETCATALOG_COMPILER_GLOBAL_ACCENT_COLOR_NAME = AccentColor;
				CODE_SIGN_STYLE = Automatic;
				CURRENT_PROJECT_VERSION = 1;
				DEVELOPMENT_ASSET_PATHS = "\"Promo-IOS/Preview Content\"";
				DEVELOPMENT_TEAM = UN5ZTPHBSB;
				ENABLE_PREVIEWS = YES;
				GENERATE_INFOPLIST_FILE = YES;
				INFOPLIST_FILE = "Promo-IOS/Info.plist";
				INFOPLIST_KEY_CFBundleDisplayName = "";
				INFOPLIST_KEY_UIApplicationSceneManifest_Generation = YES;
				INFOPLIST_KEY_UIApplicationSupportsIndirectInputEvents = YES;
				INFOPLIST_KEY_UILaunchScreen_Generation = YES;
				INFOPLIST_KEY_UISupportedInterfaceOrientations_iPad = "UIInterfaceOrientationPortrait UIInterfaceOrientationPortraitUpsideDown UIInterfaceOrientationLandscapeLeft UIInterfaceOrientationLandscapeRight";
				INFOPLIST_KEY_UISupportedInterfaceOrientations_iPhone = "UIInterfaceOrientationPortrait UIInterfaceOrientationLandscapeLeft UIInterfaceOrientationLandscapeRight";
				LD_RUNPATH_SEARCH_PATHS = (
					"$(inherited)",
					"@executable_path/Frameworks",
				);
				MARKETING_VERSION = 1.0;
				PRODUCT_BUNDLE_IDENTIFIER = "Marcosuel.Promo-IOS";
				PRODUCT_NAME = "$(TARGET_NAME)";
				SWIFT_EMIT_LOC_STRINGS = YES;
				SWIFT_VERSION = 5.0;
				TARGETED_DEVICE_FAMILY = "1,2";
			};
			name = Debug;
		};
		8D2BC3E22E3C3B50000D8329 /* Release */ = {
			isa = XCBuildConfiguration;
			buildSettings = {
				ASSETCATALOG_COMPILER_APPICON_NAME = AppIcon;
				ASSETCATALOG_COMPILER_GLOBAL_ACCENT_COLOR_NAME = AccentColor;
				CODE_SIGN_STYLE = Automatic;
				CURRENT_PROJECT_VERSION = 1;
				DEVELOPMENT_ASSET_PATHS = "\"Promo-IOS/Preview Content\"";
				DEVELOPMENT_TEAM = UN5ZTPHBSB;
				ENABLE_PREVIEWS = YES;
				GENERATE_INFOPLIST_FILE = YES;
				INFOPLIST_FILE = "Promo-IOS/Info.plist";
				INFOPLIST_KEY_CFBundleDisplayName = "";
				INFOPLIST_KEY_UIApplicationSceneManifest_Generation = YES;
				INFOPLIST_KEY_UIApplicationSupportsIndirectInputEvents = YES;
				INFOPLIST_KEY_UILaunchScreen_Generation = YES;
				INFOPLIST_KEY_UISupportedInterfaceOrientations_iPad = "UIInterfaceOrientationPortrait UIInterfaceOrientationPortraitUpsideDown UIInterfaceOrientationLandscapeLeft UIInterfaceOrientationLandscapeRight";
				INFOPLIST_KEY_UISupportedInterfaceOrientations_iPhone = "UIInterfaceOrientationPortrait UIInterfaceOrientationLandscapeLeft UIInterfaceOrientationLandscapeRight";
				LD_RUNPATH_SEARCH_PATHS = (
					"$(inherited)",
					"@executable_path/Frameworks",
				);
				MARKETING_VERSION = 1.0;
				PRODUCT_BUNDLE_IDENTIFIER = "Marcosuel.Promo-IOS";
				PRODUCT_NAME = "$(TARGET_NAME)";
				SWIFT_EMIT_LOC_STRINGS = YES;
				SWIFT_VERSION = 5.0;
				TARGETED_DEVICE_FAMILY = "1,2";
			};
			name = Release;
		};
/* End XCBuildConfiguration section */

/* Begin XCConfigurationList section */
		8D2BC3CD2E3C3B4D000D8329 /* Build configuration list for PBXProject "Promo-IOS" */ = {
			isa = XCConfigurationList;
			buildConfigurations = (
				8D2BC3DE2E3C3B50000D8329 /* Debug */,
				8D2BC3DF2E3C3B50000D8329 /* Release */,
			);
			defaultConfigurationIsVisible = 0;
			defaultConfigurationName = Release;
		};
		8D2BC3E02E3C3B50000D8329 /* Build configuration list for PBXNativeTarget "Promo-IOS" */ = {
			isa = XCConfigurationList;
			buildConfigurations = (
				8D2BC3E12E3C3B50000D8329 /* Debug */,
				8D2BC3E22E3C3B50000D8329 /* Release */,
			);
			defaultConfigurationIsVisible = 0;
			defaultConfigurationName = Release;
		};
/* End XCConfigurationList section */
	};
	rootObject = 8D2BC3CA2E3C3B4D000D8329 /* Project object */;
}
